// !$*UTF8*$!
{
	archiveVersion = 1;
	classes = {
	};
	objectVersion = 46;
	objects = {

/* Begin PBXBuildFile section */
		4AD31BFD1839346C0075E2AF /* Foundation.framework in Frameworks */ = {isa = PBXBuildFile; fileRef = 4AD31BFC1839346C0075E2AF /* Foundation.framework */; };
		4AD31BFF1839346C0075E2AF /* CoreGraphics.framework in Frameworks */ = {isa = PBXBuildFile; fileRef = 4AD31BFE1839346C0075E2AF /* CoreGraphics.framework */; };
		4AD31C011839346C0075E2AF /* UIKit.framework in Frameworks */ = {isa = PBXBuildFile; fileRef = 4AD31C001839346C0075E2AF /* UIKit.framework */; };
		4AD31C071839346C0075E2AF /* InfoPlist.strings in Resources */ = {isa = PBXBuildFile; fileRef = 4AD31C051839346C0075E2AF /* InfoPlist.strings */; };
		4AD31C091839346C0075E2AF /* main.m in Sources */ = {isa = PBXBuildFile; fileRef = 4AD31C081839346C0075E2AF /* main.m */; };
		4AD31C0D1839346C0075E2AF /* HypnosisterAppDelegate.m in Sources */ = {isa = PBXBuildFile; fileRef = 4AD31C0C1839346C0075E2AF /* HypnosisterAppDelegate.m */; };
		4AD31C0F1839346C0075E2AF /* Images.xcassets in Resources */ = {isa = PBXBuildFile; fileRef = 4AD31C0E1839346C0075E2AF /* Images.xcassets */; };
		4AD31C161839346C0075E2AF /* XCTest.framework in Frameworks */ = {isa = PBXBuildFile; fileRef = 4AD31C151839346C0075E2AF /* XCTest.framework */; };
		4AD31C171839346C0075E2AF /* Foundation.framework in Frameworks */ = {isa = PBXBuildFile; fileRef = 4AD31BFC1839346C0075E2AF /* Foundation.framework */; };
		4AD31C181839346C0075E2AF /* UIKit.framework in Frameworks */ = {isa = PBXBuildFile; fileRef = 4AD31C001839346C0075E2AF /* UIKit.framework */; };
		4AD31C201839346C0075E2AF /* InfoPlist.strings in Resources */ = {isa = PBXBuildFile; fileRef = 4AD31C1E1839346C0075E2AF /* InfoPlist.strings */; };
		4AD31C221839346C0075E2AF /* HypnosisterTests.m in Sources */ = {isa = PBXBuildFile; fileRef = 4AD31C211839346C0075E2AF /* HypnosisterTests.m */; };
/* End PBXBuildFile section */

/* Begin PBXContainerItemProxy section */
		4AD31C191839346C0075E2AF /* PBXContainerItemProxy */ = {
			isa = PBXContainerItemProxy;
			containerPortal = 4AD31BF11839346C0075E2AF /* Project object */;
			proxyType = 1;
			remoteGlobalIDString = 4AD31BF81839346C0075E2AF;
			remoteInfo = Hypnosister;
		};
/* End PBXContainerItemProxy section */

/* Begin PBXFileReference section */
		4AD31BF91839346C0075E2AF /* Hypnosister.app */ = {isa = PBXFileReference; explicitFileType = wrapper.application; includeInIndex = 0; path = Hypnosister.app; sourceTree = BUILT_PRODUCTS_DIR; };
		4AD31BFC1839346C0075E2AF /* Foundation.framework */ = {isa = PBXFileReference; lastKnownFileType = wrapper.framework; name = Foundation.framework; path = System/Library/Frameworks/Foundation.framework; sourceTree = SDKROOT; };
		4AD31BFE1839346C0075E2AF /* CoreGraphics.framework */ = {isa = PBXFileReference; lastKnownFileType = wrapper.framework; name = CoreGraphics.framework; path = System/Library/Frameworks/CoreGraphics.framework; sourceTree = SDKROOT; };
		4AD31C001839346C0075E2AF /* UIKit.framework */ = {isa = PBXFileReference; lastKnownFileType = wrapper.framework; name = UIKit.framework; path = System/Library/Frameworks/UIKit.framework; sourceTree = SDKROOT; };
		4AD31C041839346C0075E2AF /* Hypnosister-Info.plist */ = {isa = PBXFileReference; lastKnownFileType = text.plist.xml; path = "Hypnosister-Info.plist"; sourceTree = "<group>"; };
		4AD31C061839346C0075E2AF /* en */ = {isa = PBXFileReference; lastKnownFileType = text.plist.strings; name = en; path = en.lproj/InfoPlist.strings; sourceTree = "<group>"; };
		4AD31C081839346C0075E2AF /* main.m */ = {isa = PBXFileReference; lastKnownFileType = sourcecode.c.objc; path = main.m; sourceTree = "<group>"; };
		4AD31C0A1839346C0075E2AF /* Hypnosister-Prefix.pch */ = {isa = PBXFileReference; lastKnownFileType = sourcecode.c.h; path = "Hypnosister-Prefix.pch"; sourceTree = "<group>"; };
		4AD31C0B1839346C0075E2AF /* HypnosisterAppDelegate.h */ = {isa = PBXFileReference; lastKnownFileType = sourcecode.c.h; path = HypnosisterAppDelegate.h; sourceTree = "<group>"; };
		4AD31C0C1839346C0075E2AF /* HypnosisterAppDelegate.m */ = {isa = PBXFileReference; lastKnownFileType = sourcecode.c.objc; path = HypnosisterAppDelegate.m; sourceTree = "<group>"; };
		4AD31C0E1839346C0075E2AF /* Images.xcassets */ = {isa = PBXFileReference; lastKnownFileType = folder.assetcatalog; path = Images.xcassets; sourceTree = "<group>"; };
		4AD31C141839346C0075E2AF /* HypnosisterTests.xctest */ = {isa = PBXFileReference; explicitFileType = wrapper.cfbundle; includeInIndex = 0; path = HypnosisterTests.xctest; sourceTree = BUILT_PRODUCTS_DIR; };
		4AD31C151839346C0075E2AF /* XCTest.framework */ = {isa = PBXFileReference; lastKnownFileType = wrapper.framework; name = XCTest.framework; path = Library/Frameworks/XCTest.framework; sourceTree = DEVELOPER_DIR; };
		4AD31C1D1839346C0075E2AF /* HypnosisterTests-Info.plist */ = {isa = PBXFileReference; lastKnownFileType = text.plist.xml; path = "HypnosisterTests-Info.plist"; sourceTree = "<group>"; };
		4AD31C1F1839346C0075E2AF /* en */ = {isa = PBXFileReference; lastKnownFileType = text.plist.strings; name = en; path = en.lproj/InfoPlist.strings; sourceTree = "<group>"; };
		4AD31C211839346C0075E2AF /* HypnosisterTests.m */ = {isa = PBXFileReference; lastKnownFileType = sourcecode.c.objc; path = HypnosisterTests.m; sourceTree = "<group>"; };
/* End PBXFileReference section */

/* Begin PBXFrameworksBuildPhase section */
		4AD31BF61839346C0075E2AF /* Frameworks */ = {
			isa = PBXFrameworksBuildPhase;
			buildActionMask = 2147483647;
			files = (
				4AD31BFF1839346C0075E2AF /* CoreGraphics.framework in Frameworks */,
				4AD31C011839346C0075E2AF /* UIKit.framework in Frameworks */,
				4AD31BFD1839346C0075E2AF /* Foundation.framework in Frameworks */,
			);
			runOnlyForDeploymentPostprocessing = 0;
		};
		4AD31C111839346C0075E2AF /* Frameworks */ = {
			isa = PBXFrameworksBuildPhase;
			buildActionMask = 2147483647;
			files = (
				4AD31C161839346C0075E2AF /* XCTest.framework in Frameworks */,
				4AD31C181839346C0075E2AF /* UIKit.framework in Frameworks */,
				4AD31C171839346C0075E2AF /* Foundation.framework in Frameworks */,
			);
			runOnlyForDeploymentPostprocessing = 0;
		};
/* End PBXFrameworksBuildPhase section */

/* Begin PBXGroup section */
		4AD31BF01839346C0075E2AF = {
			isa = PBXGroup;
			children = (
				4AD31C021839346C0075E2AF /* Hypnosister */,
				4AD31C1B1839346C0075E2AF /* HypnosisterTests */,
				4AD31BFB1839346C0075E2AF /* Frameworks */,
				4AD31BFA1839346C0075E2AF /* Products */,
			);
			sourceTree = "<group>";
		};
		4AD31BFA1839346C0075E2AF /* Products */ = {
			isa = PBXGroup;
			children = (
				4AD31BF91839346C0075E2AF /* Hypnosister.app */,
				4AD31C141839346C0075E2AF /* HypnosisterTests.xctest */,
			);
			name = Products;
			sourceTree = "<group>";
		};
		4AD31BFB1839346C0075E2AF /* Frameworks */ = {
			isa = PBXGroup;
			children = (
				4AD31BFC1839346C0075E2AF /* Foundation.framework */,
				4AD31BFE1839346C0075E2AF /* CoreGraphics.framework */,
				4AD31C001839346C0075E2AF /* UIKit.framework */,
				4AD31C151839346C0075E2AF /* XCTest.framework */,
			);
			name = Frameworks;
			sourceTree = "<group>";
		};
		4AD31C021839346C0075E2AF /* Hypnosister */ = {
			isa = PBXGroup;
			children = (
				4AD31C0B1839346C0075E2AF /* HypnosisterAppDelegate.h */,
				4AD31C0C1839346C0075E2AF /* HypnosisterAppDelegate.m */,
				4AD31C0E1839346C0075E2AF /* Images.xcassets */,
				4AD31C031839346C0075E2AF /* Supporting Files */,
			);
			path = Hypnosister;
			sourceTree = "<group>";
		};
		4AD31C031839346C0075E2AF /* Supporting Files */ = {
			isa = PBXGroup;
			children = (
				4AD31C041839346C0075E2AF /* Hypnosister-Info.plist */,
				4AD31C051839346C0075E2AF /* InfoPlist.strings */,
				4AD31C081839346C0075E2AF /* main.m */,
				4AD31C0A1839346C0075E2AF /* Hypnosister-Prefix.pch */,
			);
			name = "Supporting Files";
			sourceTree = "<group>";
		};
		4AD31C1B1839346C0075E2AF /* HypnosisterTests */ = {
			isa = PBXGroup;
			children = (
				4AD31C211839346C0075E2AF /* HypnosisterTests.m */,
				4AD31C1C1839346C0075E2AF /* Supporting Files */,
			);
			path = HypnosisterTests;
			sourceTree = "<group>";
		};
		4AD31C1C1839346C0075E2AF /* Supporting Files */ = {
			isa = PBXGroup;
			children = (
				4AD31C1D1839346C0075E2AF /* HypnosisterTests-Info.plist */,
				4AD31C1E1839346C0075E2AF /* InfoPlist.strings */,
			);
			name = "Supporting Files";
			sourceTree = "<group>";
		};
/* End PBXGroup section */

/* Begin PBXNativeTarget section */
		4AD31BF81839346C0075E2AF /* Hypnosister */ = {
			isa = PBXNativeTarget;
			buildConfigurationList = 4AD31C251839346C0075E2AF /* Build configuration list for PBXNativeTarget "Hypnosister" */;
			buildPhases = (
				4AD31BF51839346C0075E2AF /* Sources */,
				4AD31BF61839346C0075E2AF /* Frameworks */,
				4AD31BF71839346C0075E2AF /* Resources */,
			);
			buildRules = (
			);
			dependencies = (
			);
			name = Hypnosister;
			productName = Hypnosister;
			productReference = 4AD31BF91839346C0075E2AF /* Hypnosister.app */;
			productType = "com.apple.product-type.application";
		};
		4AD31C131839346C0075E2AF /* HypnosisterTests */ = {
			isa = PBXNativeTarget;
			buildConfigurationList = 4AD31C281839346C0075E2AF /* Build configuration list for PBXNativeTarget "HypnosisterTests" */;
			buildPhases = (
				4AD31C101839346C0075E2AF /* Sources */,
				4AD31C111839346C0075E2AF /* Frameworks */,
				4AD31C121839346C0075E2AF /* Resources */,
			);
			buildRules = (
			);
			dependencies = (
				4AD31C1A1839346C0075E2AF /* PBXTargetDependency */,
			);
			name = HypnosisterTests;
			productName = HypnosisterTests;
			productReference = 4AD31C141839346C0075E2AF /* HypnosisterTests.xctest */;
			productType = "com.apple.product-type.bundle.unit-test";
		};
/* End PBXNativeTarget section */

/* Begin PBXProject section */
		4AD31BF11839346C0075E2AF /* Project object */ = {
			isa = PBXProject;
			attributes = {
				CLASSPREFIX = Hypnosister;
				LastUpgradeCheck = 0500;
				ORGANIZATIONNAME = "Richard Shin";
				TargetAttributes = {
					4AD31C131839346C0075E2AF = {
						TestTargetID = 4AD31BF81839346C0075E2AF;
					};
				};
			};
			buildConfigurationList = 4AD31BF41839346C0075E2AF /* Build configuration list for PBXProject "Hypnosister" */;
			compatibilityVersion = "Xcode 3.2";
			developmentRegion = English;
			hasScannedForEncodings = 0;
			knownRegions = (
				en,
			);
			mainGroup = 4AD31BF01839346C0075E2AF;
			productRefGroup = 4AD31BFA1839346C0075E2AF /* Products */;
			projectDirPath = "";
			projectRoot = "";
			targets = (
				4AD31BF81839346C0075E2AF /* Hypnosister */,
				4AD31C131839346C0075E2AF /* HypnosisterTests */,
			);
		};
/* End PBXProject section */

/* Begin PBXResourcesBuildPhase section */
		4AD31BF71839346C0075E2AF /* Resources */ = {
			isa = PBXResourcesBuildPhase;
			buildActionMask = 2147483647;
			files = (
				4AD31C071839346C0075E2AF /* InfoPlist.strings in Resources */,
				4AD31C0F1839346C0075E2AF /* Images.xcassets in Resources */,
			);
			runOnlyForDeploymentPostprocessing = 0;
		};
		4AD31C121839346C0075E2AF /* Resources */ = {
			isa = PBXResourcesBuildPhase;
			buildActionMask = 2147483647;
			files = (
				4AD31C201839346C0075E2AF /* InfoPlist.strings in Resources */,
			);
			runOnlyForDeploymentPostprocessing = 0;
		};
/* End PBXResourcesBuildPhase section */

/* Begin PBXSourcesBuildPhase section */
		4AD31BF51839346C0075E2AF /* Sources */ = {
			isa = PBXSourcesBuildPhase;
			buildActionMask = 2147483647;
			files = (
				4AD31C091839346C0075E2AF /* main.m in Sources */,
				4AD31C0D1839346C0075E2AF /* HypnosisterAppDelegate.m in Sources */,
			);
			runOnlyForDeploymentPostprocessing = 0;
		};
		4AD31C101839346C0075E2AF /* Sources */ = {
			isa = PBXSourcesBuildPhase;
			buildActionMask = 2147483647;
			files = (
				4AD31C221839346C0075E2AF /* HypnosisterTests.m in Sources */,
			);
			runOnlyForDeploymentPostprocessing = 0;
		};
/* End PBXSourcesBuildPhase section */

/* Begin PBXTargetDependency section */
		4AD31C1A1839346C0075E2AF /* PBXTargetDependency */ = {
			isa = PBXTargetDependency;
			target = 4AD31BF81839346C0075E2AF /* Hypnosister */;
			targetProxy = 4AD31C191839346C0075E2AF /* PBXContainerItemProxy */;
		};
/* End PBXTargetDependency section */

/* Begin PBXVariantGroup section */
		4AD31C051839346C0075E2AF /* InfoPlist.strings */ = {
			isa = PBXVariantGroup;
			children = (
				4AD31C061839346C0075E2AF /* en */,
			);
			name = InfoPlist.strings;
			sourceTree = "<group>";
		};
		4AD31C1E1839346C0075E2AF /* InfoPlist.strings */ = {
			isa = PBXVariantGroup;
			children = (
				4AD31C1F1839346C0075E2AF /* en */,
			);
			name = InfoPlist.strings;
			sourceTree = "<group>";
		};
/* End PBXVariantGroup section */

/* Begin XCBuildConfiguration section */
		4AD31C231839346C0075E2AF /* Debug */ = {
			isa = XCBuildConfiguration;
			buildSettings = {
				ALWAYS_SEARCH_USER_PATHS = NO;
				ARCHS = "$(ARCHS_STANDARD_INCLUDING_64_BIT)";
				CLANG_CXX_LANGUAGE_STANDARD = "gnu++0x";
				CLANG_CXX_LIBRARY = "libc++";
				CLANG_ENABLE_MODULES = YES;
				CLANG_ENABLE_OBJC_ARC = YES;
				CLANG_WARN_BOOL_CONVERSION = YES;
				CLANG_WARN_CONSTANT_CONVERSION = YES;
				CLANG_WARN_DIRECT_OBJC_ISA_USAGE = YES_ERROR;
				CLANG_WARN_EMPTY_BODY = YES;
				CLANG_WARN_ENUM_CONVERSION = YES;
				CLANG_WARN_INT_CONVERSION = YES;
				CLANG_WARN_OBJC_ROOT_CLASS = YES_ERROR;
				CLANG_WARN__DUPLICATE_METHOD_MATCH = YES;
				"CODE_SIGN_IDENTITY[sdk=iphoneos*]" = "iPhone Developer";
				COPY_PHASE_STRIP = NO;
				GCC_C_LANGUAGE_STANDARD = gnu99;
				GCC_DYNAMIC_NO_PIC = NO;
				GCC_OPTIMIZATION_LEVEL = 0;
				GCC_PREPROCESSOR_DEFINITIONS = (
					"DEBUG=1",
					"$(inherited)",
				);
				GCC_SYMBOLS_PRIVATE_EXTERN = NO;
				GCC_WARN_64_TO_32_BIT_CONVERSION = YES;
				GCC_WARN_ABOUT_RETURN_TYPE = YES_ERROR;
				GCC_WARN_UNDECLARED_SELECTOR = YES;
				GCC_WARN_UNINITIALIZED_AUTOS = YES;
				GCC_WARN_UNUSED_FUNCTION = YES;
				GCC_WARN_UNUSED_VARIABLE = YES;
				IPHONEOS_DEPLOYMENT_TARGET = 7.0;
				ONLY_ACTIVE_ARCH = YES;
				SDKROOT = iphoneos;
			};
			name = Debug;
		};
		4AD31C241839346C0075E2AF /* Release */ = {
			isa = XCBuildConfiguration;
			buildSettings = {
				ALWAYS_SEARCH_USER_PATHS = NO;
				ARCHS = "$(ARCHS_STANDARD_INCLUDING_64_BIT)";
				CLANG_CXX_LANGUAGE_STANDARD = "gnu++0x";
				CLANG_CXX_LIBRARY = "libc++";
				CLANG_ENABLE_MODULES = YES;
				CLANG_ENABLE_OBJC_ARC = YES;
				CLANG_WARN_BOOL_CONVERSION = YES;
				CLANG_WARN_CONSTANT_CONVERSION = YES;
				CLANG_WARN_DIRECT_OBJC_ISA_USAGE = YES_ERROR;
				CLANG_WARN_EMPTY_BODY = YES;
				CLANG_WARN_ENUM_CONVERSION = YES;
				CLANG_WARN_INT_CONVERSION = YES;
				CLANG_WARN_OBJC_ROOT_CLASS = YES_ERROR;
				CLANG_WARN__DUPLICATE_METHOD_MATCH = YES;
				"CODE_SIGN_IDENTITY[sdk=iphoneos*]" = "iPhone Developer";
				COPY_PHASE_STRIP = YES;
				ENABLE_NS_ASSERTIONS = NO;
				GCC_C_LANGUAGE_STANDARD = gnu99;
				GCC_WARN_64_TO_32_BIT_CONVERSION = YES;
				GCC_WARN_ABOUT_RETURN_TYPE = YES_ERROR;
				GCC_WARN_UNDECLARED_SELECTOR = YES;
				GCC_WARN_UNINITIALIZED_AUTOS = YES;
				GCC_WARN_UNUSED_FUNCTION = YES;
				GCC_WARN_UNUSED_VARIABLE = YES;
				IPHONEOS_DEPLOYMENT_TARGET = 7.0;
				SDKROOT = iphoneos;
				VALIDATE_PRODUCT = YES;
			};
			name = Release;
		};
		4AD31C261839346C0075E2AF /* Debug */ = {
			isa = XCBuildConfiguration;
			buildSettings = {
				ASSETCATALOG_COMPILER_APPICON_NAME = AppIcon;
				ASSETCATALOG_COMPILER_LAUNCHIMAGE_NAME = LaunchImage;
				GCC_PRECOMPILE_PREFIX_HEADER = YES;
				GCC_PREFIX_HEADER = "Hypnosister/Hypnosister-Prefix.pch";
				INFOPLIST_FILE = "Hypnosister/Hypnosister-Info.plist";
				PRODUCT_NAME = "$(TARGET_NAME)";
				WRAPPER_EXTENSION = app;
			};
			name = Debug;
		};
		4AD31C271839346C0075E2AF /* Release */ = {
			isa = XCBuildConfiguration;
			buildSettings = {
				ASSETCATALOG_COMPILER_APPICON_NAME = AppIcon;
				ASSETCATALOG_COMPILER_LAUNCHIMAGE_NAME = LaunchImage;
				GCC_PRECOMPILE_PREFIX_HEADER = YES;
				GCC_PREFIX_HEADER = "Hypnosister/Hypnosister-Prefix.pch";
				INFOPLIST_FILE = "Hypnosister/Hypnosister-Info.plist";
				PRODUCT_NAME = "$(TARGET_NAME)";
				WRAPPER_EXTENSION = app;
			};
			name = Release;
		};
		4AD31C291839346C0075E2AF /* Debug */ = {
			isa = XCBuildConfiguration;
			buildSettings = {
				ARCHS = "$(ARCHS_STANDARD_INCLUDING_64_BIT)";
				BUNDLE_LOADER = "$(BUILT_PRODUCTS_DIR)/Hypnosister.app/Hypnosister";
				FRAMEWORK_SEARCH_PATHS = (
					"$(SDKROOT)/Developer/Library/Frameworks",
					"$(inherited)",
					"$(DEVELOPER_FRAMEWORKS_DIR)",
				);
				GCC_PRECOMPILE_PREFIX_HEADER = YES;
				GCC_PREFIX_HEADER = "Hypnosister/Hypnosister-Prefix.pch";
				GCC_PREPROCESSOR_DEFINITIONS = (
					"DEBUG=1",
					"$(inherited)",
				);
				INFOPLIST_FILE = "HypnosisterTests/HypnosisterTests-Info.plist";
				PRODUCT_NAME = "$(TARGET_NAME)";
				TEST_HOST = "$(BUNDLE_LOADER)";
				WRAPPER_EXTENSION = xctest;
			};
			name = Debug;
		};
		4AD31C2A1839346C0075E2AF /* Release */ = {
			isa = XCBuildConfiguration;
			buildSettings = {
				ARCHS = "$(ARCHS_STANDARD_INCLUDING_64_BIT)";
				BUNDLE_LOADER = "$(BUILT_PRODUCTS_DIR)/Hypnosister.app/Hypnosister";
				FRAMEWORK_SEARCH_PATHS = (
					"$(SDKROOT)/Developer/Library/Frameworks",
					"$(inherited)",
					"$(DEVELOPER_FRAMEWORKS_DIR)",
				);
				GCC_PRECOMPILE_PREFIX_HEADER = YES;
				GCC_PREFIX_HEADER = "Hypnosister/Hypnosister-Prefix.pch";
				INFOPLIST_FILE = "HypnosisterTests/HypnosisterTests-Info.plist";
				PRODUCT_NAME = "$(TARGET_NAME)";
				TEST_HOST = "$(BUNDLE_LOADER)";
				WRAPPER_EXTENSION = xctest;
			};
			name = Release;
		};
/* End XCBuildConfiguration section */

/* Begin XCConfigurationList section */
		4AD31BF41839346C0075E2AF /* Build configuration list for PBXProject "Hypnosister" */ = {
			isa = XCConfigurationList;
			buildConfigurations = (
				4AD31C231839346C0075E2AF /* Debug */,
				4AD31C241839346C0075E2AF /* Release */,
			);
			defaultConfigurationIsVisible = 0;
			defaultConfigurationName = Release;
		};
		4AD31C251839346C0075E2AF /* Build configuration list for PBXNativeTarget "Hypnosister" */ = {
			isa = XCConfigurationList;
			buildConfigurations = (
				4AD31C261839346C0075E2AF /* Debug */,
				4AD31C271839346C0075E2AF /* Release */,
			);
			defaultConfigurationIsVisible = 0;
		};
		4AD31C281839346C0075E2AF /* Build configuration list for PBXNativeTarget "HypnosisterTests" */ = {
			isa = XCConfigurationList;
			buildConfigurations = (
				4AD31C291839346C0075E2AF /* Debug */,
				4AD31C2A1839346C0075E2AF /* Release */,
			);
			defaultConfigurationIsVisible = 0;
		};
/* End XCConfigurationList section */
	};
	rootObject = 4AD31BF11839346C0075E2AF /* Project object */;
}
